<?xml version="1.0" encoding="utf-8"?>
<Project ToolsVersion="4.0" xmlns="http://schemas.microsoft.com/developer/msbuild/2003">
  <ItemGroup>
    <ClInclude Include="precompiled.h">
      <Filter>Precompiled</Filter>
    </ClInclude>
    <ClInclude Include="..\includes\engine\api.h">
      <Filter>Export</Filter>
    </ClInclude>
    <ClInclude Include="..\includes\engine\sheep_engine.h">
      <Filter>Export\Demo</Filter>
    </ClInclude>
    <ClInclude Include="Component.h">
      <Filter>Types\Component</Filter>
    </ClInclude>
    <ClInclude Include="..\includes\Utilities.h">
      <Filter>Utility</Filter>
    </ClInclude>
    <ClInclude Include="ComponentCreator.h">
      <Filter>Types\Component</Filter>
    </ClInclude>
    <ClInclude Include="Object.h">
      <Filter>Types\Object</Filter>
    </ClInclude>
    <ClInclude Include="Handle.h">
      <Filter>Containers\Handle</Filter>
    </ClInclude>
    <ClInclude Include="HandleManager.h">
      <Filter>Containers\HandleManager</Filter>
    </ClInclude>
    <ClInclude Include="System.h">
      <Filter>Systems\Generic</Filter>
    </ClInclude>
    <ClInclude Include="Message.h">
      <Filter>Types\Message</Filter>
    </ClInclude>
    <ClInclude Include="SheepGraphics.h">
      <Filter>Systems\Graphics</Filter>
    </ClInclude>
    <ClInclude Include="SheepPhysics.h">
      <Filter>Systems\Physics</Filter>
    </ClInclude>
    <ClInclude Include="PhysicsObject.h">
      <Filter>Systems\Physics</Filter>
    </ClInclude>
    <ClInclude Include="SlotArray.h">
      <Filter>Containers\SlotArray</Filter>
    </ClInclude>
  </ItemGroup>
  <ItemGroup>
    <ClCompile Include="precompiled.cpp">
      <Filter>Precompiled</Filter>
    </ClCompile>
    <ClCompile Include="sheep_engine.cpp">
      <Filter>Export\Demo</Filter>
    </ClCompile>
    <ClCompile Include="..\Utilities\Utilities.cpp">
      <Filter>Utility</Filter>
    </ClCompile>
    <ClCompile Include="Object.cpp">
      <Filter>Types\Object</Filter>
    </ClCompile>
    <ClCompile Include="Handle.cpp">
      <Filter>Containers\Handle</Filter>
    </ClCompile>
    <ClCompile Include="HandleManager.cpp">
      <Filter>Containers\HandleManager</Filter>
    </ClCompile>
    <ClCompile Include="SheepGraphics.cpp">
      <Filter>Systems\Graphics</Filter>
    </ClCompile>
    <ClCompile Include="SheepPhysics.cpp">
      <Filter>Systems\Physics</Filter>
    </ClCompile>
    <ClCompile Include="PhysicsObject.cpp">
      <Filter>Systems\Physics</Filter>
    </ClCompile>
  </ItemGroup>
  <ItemGroup>
    <Filter Include="Precompiled">
      <UniqueIdentifier>{b9696633-633c-4ba9-9e72-a1cd8225f536}</UniqueIdentifier>
    </Filter>
    <Filter Include="Export">
      <UniqueIdentifier>{fdc839b3-f98b-4641-ae70-bdd1fc1a9d79}</UniqueIdentifier>
    </Filter>
    <Filter Include="Export\Demo">
      <UniqueIdentifier>{9872c10b-433c-4f09-985e-2793e936f79a}</UniqueIdentifier>
    </Filter>
    <Filter Include="Types">
      <UniqueIdentifier>{3ead303b-c56a-4c18-90ea-2aa3fda07467}</UniqueIdentifier>
    </Filter>
    <Filter Include="Types\Component">
      <UniqueIdentifier>{956f2b6a-be3b-4794-8f9e-0f041df9f022}</UniqueIdentifier>
    </Filter>
    <Filter Include="Types\Object">
      <UniqueIdentifier>{bba741ba-df5e-4a9c-bfcf-35f303909e9e}</UniqueIdentifier>
    </Filter>
    <Filter Include="Types\Space">
      <UniqueIdentifier>{cddb3868-c1b4-4e01-bbd7-fd09ea475135}</UniqueIdentifier>
    </Filter>
    <Filter Include="Utility">
      <UniqueIdentifier>{3a2ad31f-e44a-43b8-bc91-4755a031358c}</UniqueIdentifier>
    </Filter>
    <Filter Include="Containers">
      <UniqueIdentifier>{dcba7c53-4668-4b66-b9b3-3578ede8228c}</UniqueIdentifier>
    </Filter>
    <Filter Include="Containers\Handle">
      <UniqueIdentifier>{c5b897ea-5078-437c-a397-aa5f16e1221e}</UniqueIdentifier>
    </Filter>
    <Filter Include="Containers\HandleManager">
      <UniqueIdentifier>{168ec064-6417-4de3-9778-b305626174cc}</UniqueIdentifier>
    </Filter>
    <Filter Include="Systems">
      <UniqueIdentifier>{b9706a46-da35-4d02-aad4-83b635b5fa8f}</UniqueIdentifier>
    </Filter>
    <Filter Include="Systems\Generic">
      <UniqueIdentifier>{3a439a3c-d085-4fc6-bb59-a35f509a1c64}</UniqueIdentifier>
    </Filter>
    <Filter Include="Types\Message">
      <UniqueIdentifier>{b77983b0-ed27-43c9-8cba-725078ca6713}</UniqueIdentifier>
    </Filter>
    <Filter Include="Systems\Graphics">
      <UniqueIdentifier>{a968d908-06c5-4e5c-82f0-a974fd4acac9}</UniqueIdentifier>
    </Filter>
    <Filter Include="Systems\Physics">
      <UniqueIdentifier>{769279fe-5748-46f1-9dd9-423d9ea3d18e}</UniqueIdentifier>
    </Filter>
    <Filter Include="Systems\Audio">
      <UniqueIdentifier>{bc7e198a-5dab-4dd4-915f-67b9dee23935}</UniqueIdentifier>
    </Filter>
    <Filter Include="Containers\SlotArray">
      <UniqueIdentifier>{1494b704-3b46-4519-822d-eff4e48c0fcb}</UniqueIdentifier>
    </Filter>
  </ItemGroup>
</Project>