<?xml version="1.0" encoding="utf-8"?>
<Project ToolsVersion="4.0" xmlns="http://schemas.microsoft.com/developer/msbuild/2003">
  <ItemGroup>
    <ClInclude Include="precompiled.h">
      <Filter>Precompiled</Filter>
    </ClInclude>
    <ClInclude Include="..\includes\engine\api.h">
      <Filter>Export</Filter>
    </ClInclude>
    <ClInclude Include="..\includes\engine\sheep_engine.h">
      <Filter>Export\Demo</Filter>
    </ClInclude>
    <ClInclude Include="Component.h">
      <Filter>BaseTypes\Component</Filter>
    </ClInclude>
    <ClInclude Include="..\includes\Utilities.h">
      <Filter>Utility</Filter>
    </ClInclude>
    <ClInclude Include="ComponentCreator.h">
      <Filter>BaseTypes\Component</Filter>
    </ClInclude>
    <ClInclude Include="Object.h">
      <Filter>BaseTypes\Object</Filter>
    </ClInclude>
    <ClInclude Include="Handle.h">
      <Filter>BaseTypes\Handle</Filter>
    </ClInclude>
    <ClInclude Include="HandleManager.h">
      <Filter>Engine\HandleManager</Filter>
    </ClInclude>
    <ClInclude Include="System.h">
      <Filter>Systems\Generic</Filter>
    </ClInclude>
    <ClInclude Include="Message.h">
      <Filter>BaseTypes\Message</Filter>
    </ClInclude>
    <ClInclude Include="SheepGraphics.h">
      <Filter>Systems\Graphics</Filter>
    </ClInclude>
    <ClInclude Include="SheepPhysics.h">
      <Filter>Systems\Physics</Filter>
    </ClInclude>
    <ClInclude Include="SlotArray.h">
      <Filter>Engine\Memory\SlotArray</Filter>
    </ClInclude>
    <ClInclude Include="PhysicsObject.h">
      <Filter>Systems\Physics\Object</Filter>
    </ClInclude>
    <ClInclude Include="SheepAudio.h">
      <Filter>Systems\Audio</Filter>
    </ClInclude>
    <ClInclude Include="ObjectAllocator.h">
      <Filter>Engine\Memory\ObjectAllocator</Filter>
    </ClInclude>
    <ClInclude Include="Space.h">
      <Filter>BaseTypes\Space</Filter>
    </ClInclude>
    <ClInclude Include="Hash.h">
      <Filter>Engine\Hash</Filter>
    </ClInclude>
    <ClInclude Include="Enum.h">
      <Filter>Engine\Introspection\Enum</Filter>
    </ClInclude>
    <ClInclude Include="..\includes\EnumData.h">
      <Filter>Engine\Introspection\Enum</Filter>
    </ClInclude>
    <ClInclude Include="CTransform.h">
      <Filter>Components\Transform</Filter>
    </ClInclude>
    <ClInclude Include="Factory.h">
      <Filter>Engine\Factory</Filter>
    </ClInclude>
    <ClInclude Include="Variable.h">
      <Filter>Engine\Introspection\Variable</Filter>
    </ClInclude>
    <ClInclude Include="TypeInfo.h">
      <Filter>Engine\Introspection\TypeInfo</Filter>
    </ClInclude>
    <ClInclude Include="IntrospectionManager.h">
      <Filter>Engine\Introspection\Manager</Filter>
    </ClInclude>
    <ClInclude Include="Qualifiers.h">
      <Filter>Engine\Introspection\TypeInfo</Filter>
    </ClInclude>
    <ClInclude Include="Macros.h">
      <Filter>Engine\EngineCore</Filter>
    </ClInclude>
    <ClInclude Include="Serialization.h">
      <Filter>Engine\Serialization\Text</Filter>
    </ClInclude>
    <ClInclude Include="PODSerialization.h">
      <Filter>Engine\Serialization\POD</Filter>
    </ClInclude>
    <ClInclude Include="File.h">
      <Filter>Engine\Serialization\File</Filter>
    </ClInclude>
    <ClInclude Include="GameLogic.h">
      <Filter>Systems\GameLogic</Filter>
    </ClInclude>
    <ClInclude Include="Engine.h">
      <Filter>Engine\EngineCore</Filter>
    </ClInclude>
    <ClInclude Include="CTester.h">
      <Filter>Components\Tester</Filter>
    </ClInclude>
    <ClInclude Include="Archetype.h">
      <Filter>BaseTypes\Object\Archetype</Filter>
    </ClInclude>
  </ItemGroup>
  <ItemGroup>
    <ClCompile Include="precompiled.cpp">
      <Filter>Precompiled</Filter>
    </ClCompile>
    <ClCompile Include="sheep_engine.cpp">
      <Filter>Export\Demo</Filter>
    </ClCompile>
    <ClCompile Include="..\Utilities\Utilities.cpp">
      <Filter>Utility</Filter>
    </ClCompile>
    <ClCompile Include="Object.cpp">
      <Filter>BaseTypes\Object</Filter>
    </ClCompile>
    <ClCompile Include="Handle.cpp">
      <Filter>BaseTypes\Handle</Filter>
    </ClCompile>
    <ClCompile Include="HandleManager.cpp">
      <Filter>Engine\HandleManager</Filter>
    </ClCompile>
    <ClCompile Include="SheepGraphics.cpp">
      <Filter>Systems\Graphics</Filter>
    </ClCompile>
    <ClCompile Include="SheepPhysics.cpp">
      <Filter>Systems\Physics</Filter>
    </ClCompile>
    <ClCompile Include="PhysicsObject.cpp">
      <Filter>Systems\Physics\Object</Filter>
    </ClCompile>
    <ClCompile Include="SheepAudio.cpp">
      <Filter>Systems\Audio</Filter>
    </ClCompile>
    <ClCompile Include="ObjectAllocator.cpp">
      <Filter>Engine\Memory\ObjectAllocator</Filter>
    </ClCompile>
    <ClCompile Include="Space.cpp">
      <Filter>BaseTypes\Space</Filter>
    </ClCompile>
    <ClCompile Include="Hash.cpp">
      <Filter>Engine\Hash</Filter>
    </ClCompile>
    <ClCompile Include="Enum.cpp">
      <Filter>Engine\Introspection\Enum</Filter>
    </ClCompile>
    <ClCompile Include="CTransform.cpp">
      <Filter>Components\Transform</Filter>
    </ClCompile>
    <ClCompile Include="Factory.cpp">
      <Filter>Engine\Factory</Filter>
    </ClCompile>
    <ClCompile Include="Variable.cpp">
      <Filter>Engine\Introspection\Variable</Filter>
    </ClCompile>
    <ClCompile Include="TypeInfo.cpp">
      <Filter>Engine\Introspection\TypeInfo</Filter>
    </ClCompile>
    <ClCompile Include="IntrospectionManager.cpp">
      <Filter>Engine\Introspection\Manager</Filter>
    </ClCompile>
    <ClCompile Include="Serialization.cpp">
      <Filter>Engine\Serialization\Text</Filter>
    </ClCompile>
    <ClCompile Include="PODSerialization.cpp">
      <Filter>Engine\Serialization\POD</Filter>
    </ClCompile>
    <ClCompile Include="File.cpp">
      <Filter>Engine\Serialization\File</Filter>
    </ClCompile>
    <ClCompile Include="GameLogic.cpp">
      <Filter>Systems\GameLogic</Filter>
    </ClCompile>
    <ClCompile Include="Engine.cpp">
      <Filter>Engine\EngineCore</Filter>
    </ClCompile>
    <ClCompile Include="CTester.cpp">
      <Filter>Components\Tester</Filter>
    </ClCompile>
    <ClCompile Include="Archetype.cpp">
      <Filter>BaseTypes\Object\Archetype</Filter>
    </ClCompile>
    <ClCompile Include="Component.cpp">
      <Filter>BaseTypes\Component</Filter>
    </ClCompile>
  </ItemGroup>
  <ItemGroup>
    <Filter Include="Precompiled">
      <UniqueIdentifier>{b9696633-633c-4ba9-9e72-a1cd8225f536}</UniqueIdentifier>
    </Filter>
    <Filter Include="Export">
      <UniqueIdentifier>{fdc839b3-f98b-4641-ae70-bdd1fc1a9d79}</UniqueIdentifier>
    </Filter>
    <Filter Include="Export\Demo">
      <UniqueIdentifier>{9872c10b-433c-4f09-985e-2793e936f79a}</UniqueIdentifier>
    </Filter>
    <Filter Include="Utility">
      <UniqueIdentifier>{3a2ad31f-e44a-43b8-bc91-4755a031358c}</UniqueIdentifier>
    </Filter>
    <Filter Include="Systems">
      <UniqueIdentifier>{b9706a46-da35-4d02-aad4-83b635b5fa8f}</UniqueIdentifier>
    </Filter>
    <Filter Include="Systems\Generic">
      <UniqueIdentifier>{3a439a3c-d085-4fc6-bb59-a35f509a1c64}</UniqueIdentifier>
    </Filter>
    <Filter Include="Systems\Graphics">
      <UniqueIdentifier>{a968d908-06c5-4e5c-82f0-a974fd4acac9}</UniqueIdentifier>
    </Filter>
    <Filter Include="Systems\Physics">
      <UniqueIdentifier>{769279fe-5748-46f1-9dd9-423d9ea3d18e}</UniqueIdentifier>
    </Filter>
    <Filter Include="Systems\Audio">
      <UniqueIdentifier>{bc7e198a-5dab-4dd4-915f-67b9dee23935}</UniqueIdentifier>
    </Filter>
    <Filter Include="Systems\Physics\Object">
      <UniqueIdentifier>{fa43fa63-ae4a-429d-8981-dd9b59a0e321}</UniqueIdentifier>
    </Filter>
    <Filter Include="Engine">
      <UniqueIdentifier>{f26780e7-b0b3-43e3-8254-3bbfaee7090d}</UniqueIdentifier>
    </Filter>
    <Filter Include="Engine\Memory">
      <UniqueIdentifier>{e107b444-e116-4361-b7e9-62bd91809be1}</UniqueIdentifier>
    </Filter>
    <Filter Include="Engine\HandleManager">
      <UniqueIdentifier>{168ec064-6417-4de3-9778-b305626174cc}</UniqueIdentifier>
    </Filter>
    <Filter Include="BaseTypes">
      <UniqueIdentifier>{11c932dc-5544-4af3-96b2-c2adde119c85}</UniqueIdentifier>
    </Filter>
    <Filter Include="BaseTypes\Space">
      <UniqueIdentifier>{cddb3868-c1b4-4e01-bbd7-fd09ea475135}</UniqueIdentifier>
    </Filter>
    <Filter Include="BaseTypes\Object">
      <UniqueIdentifier>{bba741ba-df5e-4a9c-bfcf-35f303909e9e}</UniqueIdentifier>
    </Filter>
    <Filter Include="BaseTypes\Message">
      <UniqueIdentifier>{b77983b0-ed27-43c9-8cba-725078ca6713}</UniqueIdentifier>
    </Filter>
    <Filter Include="BaseTypes\Handle">
      <UniqueIdentifier>{c5b897ea-5078-437c-a397-aa5f16e1221e}</UniqueIdentifier>
    </Filter>
    <Filter Include="BaseTypes\Component">
      <UniqueIdentifier>{956f2b6a-be3b-4794-8f9e-0f041df9f022}</UniqueIdentifier>
    </Filter>
    <Filter Include="Engine\Hash">
      <UniqueIdentifier>{fee18b8a-780b-428e-82e3-880c8a61128d}</UniqueIdentifier>
    </Filter>
    <Filter Include="Engine\Memory\ObjectAllocator">
      <UniqueIdentifier>{4a245ebf-67a3-4cfd-8eae-e1b07fba5f99}</UniqueIdentifier>
    </Filter>
    <Filter Include="Engine\Memory\SlotArray">
      <UniqueIdentifier>{1494b704-3b46-4519-822d-eff4e48c0fcb}</UniqueIdentifier>
    </Filter>
    <Filter Include="Components">
      <UniqueIdentifier>{37310b94-d023-480d-bd68-c198b1b406de}</UniqueIdentifier>
    </Filter>
    <Filter Include="Components\Transform">
      <UniqueIdentifier>{a4ee157e-1aec-4912-b6d7-e6816e5c4774}</UniqueIdentifier>
    </Filter>
    <Filter Include="Engine\Factory">
      <UniqueIdentifier>{6d82067a-4966-4e5d-8505-baa99bc4f11c}</UniqueIdentifier>
    </Filter>
    <Filter Include="Engine\Introspection">
      <UniqueIdentifier>{34445c16-e5e9-4d5d-b793-f7414434e994}</UniqueIdentifier>
    </Filter>
    <Filter Include="Engine\Introspection\Enum">
      <UniqueIdentifier>{93c66b5a-12c5-4051-abc5-1e104d9eb8b5}</UniqueIdentifier>
    </Filter>
    <Filter Include="Engine\Introspection\Variable">
      <UniqueIdentifier>{2bc8e499-edbc-490e-a525-6e141a276e80}</UniqueIdentifier>
    </Filter>
    <Filter Include="Engine\Introspection\TypeInfo">
      <UniqueIdentifier>{37cf3321-d074-4c10-96d9-d7e42bf8b8b1}</UniqueIdentifier>
    </Filter>
    <Filter Include="Engine\Introspection\Manager">
      <UniqueIdentifier>{32ae1665-6cf9-473d-9440-fcc8a3de7f12}</UniqueIdentifier>
    </Filter>
    <Filter Include="Engine\Serialization">
      <UniqueIdentifier>{cf46e200-238a-41e9-a8a0-25e43f1b766f}</UniqueIdentifier>
    </Filter>
    <Filter Include="Engine\Serialization\Text">
      <UniqueIdentifier>{1f0aad25-4170-4ad9-bbfc-48f7cd3f39ff}</UniqueIdentifier>
    </Filter>
    <Filter Include="Engine\Serialization\POD">
      <UniqueIdentifier>{b26e85ff-e95a-4836-9294-6bdaf59a2ea1}</UniqueIdentifier>
    </Filter>
    <Filter Include="Engine\Serialization\File">
      <UniqueIdentifier>{a2aed95a-f84e-4159-a8fb-38be17821369}</UniqueIdentifier>
    </Filter>
    <Filter Include="Systems\GameLogic">
      <UniqueIdentifier>{615ab531-0daf-488e-85c7-47865bdc2814}</UniqueIdentifier>
    </Filter>
    <Filter Include="Engine\EngineCore">
      <UniqueIdentifier>{2c4311cc-f995-4aac-9569-1d68c58df9db}</UniqueIdentifier>
    </Filter>
    <Filter Include="Components\Tester">
      <UniqueIdentifier>{94e46304-9909-4046-8509-bdc52a8dce0a}</UniqueIdentifier>
    </Filter>
    <Filter Include="BaseTypes\Object\Archetype">
      <UniqueIdentifier>{00901678-85ac-48f2-8633-8efce0936f6a}</UniqueIdentifier>
    </Filter>
  </ItemGroup>
</Project>