<?xml version="1.0" encoding="utf-8"?>
<Project ToolsVersion="4.0" xmlns="http://schemas.microsoft.com/developer/msbuild/2003">
  <ItemGroup>
    <ClInclude Include="precompiled.h">
      <Filter>Precompiled</Filter>
    </ClInclude>
    <ClInclude Include="..\includes\Utilities.h">
      <Filter>Utility</Filter>
    </ClInclude>
    <ClInclude Include="Camera.h">
      <Filter>Camera</Filter>
    </ClInclude>
    <ClInclude Include="api.h" />
    <ClInclude Include="DataTypes.h">
      <Filter>System</Filter>
    </ClInclude>
    <ClInclude Include="System.h">
      <Filter>System</Filter>
    </ClInclude>
    <ClInclude Include="RenderMain.h">
      <Filter>Rendering</Filter>
    </ClInclude>
    <ClInclude Include="DirectXIncludes.h">
      <Filter>DirectX</Filter>
    </ClInclude>
    <ClInclude Include="WindowsIncludes.h">
      <Filter>Win32</Filter>
    </ClInclude>
    <ClInclude Include="VertexTypes.h">
      <Filter>Rendering</Filter>
    </ClInclude>
    <ClInclude Include="Manager.h">
      <Filter>System</Filter>
    </ClInclude>
    <ClInclude Include="Handle.h">
      <Filter>System</Filter>
    </ClInclude>
    <ClInclude Include="Context.h">
      <Filter>Rendering</Filter>
    </ClInclude>
    <ClInclude Include="Batcher.h">
      <Filter>Rendering</Filter>
    </ClInclude>
  </ItemGroup>
  <ItemGroup>
    <ClCompile Include="precompiled.cpp">
      <Filter>Precompiled</Filter>
    </ClCompile>
    <ClCompile Include="..\Utilities\Utilities.cpp">
      <Filter>Utility</Filter>
    </ClCompile>
    <ClCompile Include="Camera.cpp">
      <Filter>Camera</Filter>
    </ClCompile>
    <ClCompile Include="RenderMain.cpp">
      <Filter>Rendering</Filter>
    </ClCompile>
    <ClCompile Include="Manager.cpp">
      <Filter>System</Filter>
    </ClCompile>
    <ClCompile Include="Context.cpp">
      <Filter>Rendering</Filter>
    </ClCompile>
    <ClCompile Include="Handle.cpp">
      <Filter>System</Filter>
    </ClCompile>
    <ClCompile Include="System.cpp">
      <Filter>System</Filter>
    </ClCompile>
  </ItemGroup>
  <ItemGroup>
    <Filter Include="Precompiled">
      <UniqueIdentifier>{a5a560d4-872a-453a-97cc-59e7f8f44453}</UniqueIdentifier>
    </Filter>
    <Filter Include="Utility">
      <UniqueIdentifier>{1279bd1c-a70e-4ca6-8348-ec1f2f850348}</UniqueIdentifier>
    </Filter>
    <Filter Include="Shaders">
      <UniqueIdentifier>{7d703b8e-8695-4c5f-9375-a38fee5840e4}</UniqueIdentifier>
    </Filter>
    <Filter Include="Camera">
      <UniqueIdentifier>{7630c33b-d3c6-43d5-812a-bf5ff5e6ea98}</UniqueIdentifier>
    </Filter>
    <Filter Include="System">
      <UniqueIdentifier>{04419d11-f29c-4779-aaf2-d0393ab8a53f}</UniqueIdentifier>
    </Filter>
    <Filter Include="Rendering">
      <UniqueIdentifier>{f8bdda45-6281-44f0-8d70-2374333d8453}</UniqueIdentifier>
    </Filter>
    <Filter Include="DirectX">
      <UniqueIdentifier>{01a266ec-e1df-4303-b9f7-626e9c184612}</UniqueIdentifier>
    </Filter>
    <Filter Include="Win32">
      <UniqueIdentifier>{0e4f961d-8cad-4d84-988e-dafa50f577d3}</UniqueIdentifier>
    </Filter>
  </ItemGroup>
  <ItemGroup>
    <FxCompile Include="Shaders\Debug.fx">
      <Filter>Shaders</Filter>
    </FxCompile>
  </ItemGroup>
  <ItemGroup>
    <None Include="Shaders\Generic.hlsl">
      <Filter>Shaders</Filter>
    </None>
  </ItemGroup>
</Project>