<?xml version="1.0" encoding="utf-8"?>
<Project ToolsVersion="4.0" xmlns="http://schemas.microsoft.com/developer/msbuild/2003">
  <ItemGroup>
    <ClInclude Include="precompiled.h">
      <Filter>Precompiled</Filter>
    </ClInclude>
    <ClInclude Include="..\includes\physics\api.h">
      <Filter>Export</Filter>
    </ClInclude>
    <ClInclude Include="..\includes\physics\sheep_physics.h">
      <Filter>Export\Demo</Filter>
    </ClInclude>
    <ClInclude Include="Body.h">
      <Filter>Physics\PhysicsHeaders</Filter>
    </ClInclude>
    <ClInclude Include="Manifold.h">
      <Filter>Physics\PhysicsHeaders</Filter>
    </ClInclude>
    <ClInclude Include="Material.h">
      <Filter>Physics\PhysicsHeaders</Filter>
    </ClInclude>
    <ClInclude Include="Shape.h">
      <Filter>Physics\PhysicsHeaders</Filter>
    </ClInclude>
    <ClInclude Include="Step.h">
      <Filter>Physics\PhysicsHeaders</Filter>
    </ClInclude>
    <ClInclude Include="ObjectAllocator.h">
      <Filter>Physics\EngineLinks</Filter>
    </ClInclude>
    <ClInclude Include="HandleManager.h">
      <Filter>Physics\EngineLinks</Filter>
    </ClInclude>
    <ClInclude Include="Handle.h">
      <Filter>Physics\EngineLinks</Filter>
    </ClInclude>
    <ClInclude Include="Matrix.h">
      <Filter>Physics\Math Functions</Filter>
    </ClInclude>
    <ClInclude Include="..\includes\Vec3D.h">
      <Filter>Physics\Math Functions</Filter>
    </ClInclude>
    <ClInclude Include="BodyProperties.h">
      <Filter>Physics\PhysicsHeaders</Filter>
    </ClInclude>
  </ItemGroup>
  <ItemGroup>
    <ClCompile Include="precompiled.cpp">
      <Filter>Precompiled</Filter>
    </ClCompile>
    <ClCompile Include="sheep_physics.cpp">
      <Filter>Export\Demo</Filter>
    </ClCompile>
    <ClCompile Include="Body.cpp">
      <Filter>Physics\PhysicsFunctions</Filter>
    </ClCompile>
    <ClCompile Include="Manifold.cpp">
      <Filter>Physics\PhysicsFunctions</Filter>
    </ClCompile>
    <ClCompile Include="Step.cpp">
      <Filter>Physics\PhysicsFunctions</Filter>
    </ClCompile>
    <ClCompile Include="HandleManager.cpp">
      <Filter>Physics\EngineLinks</Filter>
    </ClCompile>
    <ClCompile Include="Handle.cpp">
      <Filter>Physics\EngineLinks</Filter>
    </ClCompile>
    <ClCompile Include="ObjectAllocator.cpp">
      <Filter>Physics\EngineLinks</Filter>
    </ClCompile>
    <ClCompile Include="Matrix.cpp">
      <Filter>Physics\Math Functions</Filter>
    </ClCompile>
    <ClCompile Include="Shape.cpp">
      <Filter>Physics\PhysicsFunctions</Filter>
    </ClCompile>
    <ClCompile Include="Material.cpp">
      <Filter>Physics\PhysicsFunctions</Filter>
    </ClCompile>
    <ClCompile Include="..\Utilities\Vec3D.cpp">
      <Filter>Physics\Math Functions</Filter>
    </ClCompile>
    <ClCompile Include="BodyProperties.cpp">
      <Filter>Physics\PhysicsFunctions</Filter>
    </ClCompile>
  </ItemGroup>
  <ItemGroup>
    <Filter Include="Precompiled">
      <UniqueIdentifier>{4928e772-a02d-4a4f-9ce7-d06020cb174b}</UniqueIdentifier>
    </Filter>
    <Filter Include="Export">
      <UniqueIdentifier>{eeb182ad-6178-401a-be09-6f93d9d621f8}</UniqueIdentifier>
    </Filter>
    <Filter Include="Export\Demo">
      <UniqueIdentifier>{67a1aa1b-de32-4d1d-a8ce-eb8e142f86c7}</UniqueIdentifier>
    </Filter>
    <Filter Include="Physics">
      <UniqueIdentifier>{8eb7993d-d64f-4d38-8e37-ba033d260d6e}</UniqueIdentifier>
    </Filter>
    <Filter Include="Physics\Math Functions">
      <UniqueIdentifier>{50e0e018-19fe-49d8-b67b-8f39fe458f77}</UniqueIdentifier>
    </Filter>
    <Filter Include="Physics\PhysicsFunctions">
      <UniqueIdentifier>{ebf8833c-a284-439e-a2e1-7b7b56be1383}</UniqueIdentifier>
    </Filter>
    <Filter Include="Physics\EngineLinks">
      <UniqueIdentifier>{8615bc53-bb63-4882-a793-80f4caff8ec9}</UniqueIdentifier>
    </Filter>
    <Filter Include="Physics\PhysicsHeaders">
      <UniqueIdentifier>{78113ff6-a038-417c-bf7a-06ca31f0a88a}</UniqueIdentifier>
    </Filter>
  </ItemGroup>
</Project>